
Microsoft Visual Studio Solution File, Format Version 12.00
# Visual Studio 15
VisualStudioVersion = 15.0.26730.16
MinimumVisualStudioVersion = 10.0.40219.1
Project("{FAE04EC0-301F-11D3-BF4B-00C04F79EFBC}") = "GigHub", "GigHub\GigHub.csproj", "{6A4922B6-31F1-4895-925A-A4B811C3DBD2}"
EndProject
Global
	GlobalSection(SolutionConfigurationPlatforms) = preSolution
		Debug|Any CPU = Debug|Any CPU
		Release|Any CPU = Release|Any CPU
	EndGlobalSection
	GlobalSection(ProjectConfigurationPlatforms) = postSolution
		{6A4922B6-31F1-4895-925A-A4B811C3DBD2}.Debug|Any CPU.ActiveCfg = Debug|Any CPU
		{6A4922B6-31F1-4895-925A-A4B811C3DBD2}.Debug|Any CPU.Build.0 = Debug|Any CPU
		{6A4922B6-31F1-4895-925A-A4B811C3DBD2}.Release|Any CPU.ActiveCfg = Release|Any CPU
		{6A4922B6-31F1-4895-925A-A4B811C3DBD2}.Release|Any CPU.Build.0 = Release|Any CPU
	EndGlobalSection
	GlobalSection(SolutionProperties) = preSolution
		HideSolutionNode = FALSE
	EndGlobalSection
	GlobalSection(ExtensibilityGlobals) = postSolution
		SolutionGuid = {2280BCF3-7441-479C-B1B3-A3B4782713B8}
	EndGlobalSection
EndGlobal
